
Microsoft Visual Studio Solution File, Format Version 12.00
# Visual Studio Version 16
VisualStudioVersion = 16.0.30128.74
MinimumVisualStudioVersion = 10.0.40219.1
Project("{FAE04EC0-301F-11D3-BF4B-00C04F79EFBC}") = "WSTower", "WSTower\WSTower.csproj", "{DD52400E-A807-4CD8-BEA0-AE86E8BA019C}"
EndProject
Global
	GlobalSection(SolutionConfigurationPlatforms) = preSolution
		Debug|Any CPU = Debug|Any CPU
		Release|Any CPU = Release|Any CPU
	EndGlobalSection
	GlobalSection(ProjectConfigurationPlatforms) = postSolution
		{DD52400E-A807-4CD8-BEA0-AE86E8BA019C}.Debug|Any CPU.ActiveCfg = Debug|Any CPU
		{DD52400E-A807-4CD8-BEA0-AE86E8BA019C}.Debug|Any CPU.Build.0 = Debug|Any CPU
		{DD52400E-A807-4CD8-BEA0-AE86E8BA019C}.Release|Any CPU.ActiveCfg = Release|Any CPU
		{DD52400E-A807-4CD8-BEA0-AE86E8BA019C}.Release|Any CPU.Build.0 = Release|Any CPU
	EndGlobalSection
	GlobalSection(SolutionProperties) = preSolution
		HideSolutionNode = FALSE
	EndGlobalSection
	GlobalSection(ExtensibilityGlobals) = postSolution
		SolutionGuid = {529809DC-0377-4FE6-ADD0-D4C72F22F168}
	EndGlobalSection
EndGlobal
